
Microsoft Visual Studio Solution File, Format Version 12.00
# Visual Studio 15
VisualStudioVersion = 15.0.26403.3
MinimumVisualStudioVersion = 10.0.40219.1
Project("{2150E333-8FDC-42A3-9474-1A3956D46DE8}") = "0.Common", "0.Common", "{4860CF1D-73DE-4248-8753-55107CBE7A43}"
EndProject
Project("{2150E333-8FDC-42A3-9474-1A3956D46DE8}") = "1.Presentation", "1.Presentation", "{87A41399-12DF-4746-A0FD-91C40050698E}"
EndProject
Project("{2150E333-8FDC-42A3-9474-1A3956D46DE8}") = "2.Domain", "2.Domain", "{FB8448DA-7984-493B-A8DB-A9A0855E7FC0}"
EndProject
Project("{2150E333-8FDC-42A3-9474-1A3956D46DE8}") = "3.Data", "3.Data", "{48DA8ECF-3BEE-4948-9CAC-01E1DFD2A24D}"
EndProject
Project("{2150E333-8FDC-42A3-9474-1A3956D46DE8}") = "4.BusinessLogic", "4.BusinessLogic", "{3F0F34D5-552B-41DC-9653-8AA693BA947C}"
EndProject
Project("{FAE04EC0-301F-11D3-BF4B-00C04F79EFBC}") = "Repo.EF", "Repo.EF\Repo.EF.csproj", "{62573811-A0ED-46C5-A09C-99945D1C0A39}"
EndProject
Project("{FAE04EC0-301F-11D3-BF4B-00C04F79EFBC}") = "Log.Contracts", "Log.Contracts\Log.Contracts.csproj", "{78527E57-6DC6-40C6-AEB6-F8D88BF0A64A}"
EndProject
Project("{FAE04EC0-301F-11D3-BF4B-00C04F79EFBC}") = "Repo.Contracts", "Repo.Contracts\Repo.Contracts.csproj", "{1A21119F-C02E-4F64-8CC6-C5C9D696EA78}"
EndProject
Project("{FAE04EC0-301F-11D3-BF4B-00C04F79EFBC}") = "Repo.Mapping", "Repo.Mapping\Repo.Mapping.csproj", "{A7CFBC8C-1AF0-497B-A3CA-7D6DD84D9A2E}"
EndProject
Project("{FAE04EC0-301F-11D3-BF4B-00C04F79EFBC}") = "Domain.Models", "Models\Domain.Models.csproj", "{B662734C-BCBF-4F65-93CB-B1BD0CF13468}"
EndProject
Project("{FAE04EC0-301F-11D3-BF4B-00C04F79EFBC}") = "Domain.Logic", "Logic\Domain.Logic.csproj", "{2C573B17-7229-4BD1-83C9-7D34E286EBBC}"
EndProject
Project("{FAE04EC0-301F-11D3-BF4B-00C04F79EFBC}") = "ConsoleTests", "ConsoleTests\ConsoleTests.csproj", "{07CF1EB0-C68D-4FB3-AE9C-04557CAF12E2}"
EndProject
Project("{FAE04EC0-301F-11D3-BF4B-00C04F79EFBC}") = "Log.Logic", "Log.Logic\Log.Logic.csproj", "{38AA7E7C-D1C2-4E55-B783-1B66A013FF2A}"
EndProject
Project("{FAE04EC0-301F-11D3-BF4B-00C04F79EFBC}") = "Web", "Web\Web.csproj", "{92703376-0B3C-49BD-A99A-5779EB94FC6A}"
EndProject
Project("{FAE04EC0-301F-11D3-BF4B-00C04F79EFBC}") = "Domain.Contracts", "Domain.Contracts\Domain.Contracts.csproj", "{6AF4C461-DE71-4B4B-B73A-7957C9939B2F}"
EndProject
Global
	GlobalSection(SolutionConfigurationPlatforms) = preSolution
		Debug|Any CPU = Debug|Any CPU
		Release|Any CPU = Release|Any CPU
	EndGlobalSection
	GlobalSection(ProjectConfigurationPlatforms) = postSolution
		{62573811-A0ED-46C5-A09C-99945D1C0A39}.Debug|Any CPU.ActiveCfg = Debug|Any CPU
		{62573811-A0ED-46C5-A09C-99945D1C0A39}.Debug|Any CPU.Build.0 = Debug|Any CPU
		{62573811-A0ED-46C5-A09C-99945D1C0A39}.Release|Any CPU.ActiveCfg = Release|Any CPU
		{62573811-A0ED-46C5-A09C-99945D1C0A39}.Release|Any CPU.Build.0 = Release|Any CPU
		{78527E57-6DC6-40C6-AEB6-F8D88BF0A64A}.Debug|Any CPU.ActiveCfg = Debug|Any CPU
		{78527E57-6DC6-40C6-AEB6-F8D88BF0A64A}.Debug|Any CPU.Build.0 = Debug|Any CPU
		{78527E57-6DC6-40C6-AEB6-F8D88BF0A64A}.Release|Any CPU.ActiveCfg = Release|Any CPU
		{78527E57-6DC6-40C6-AEB6-F8D88BF0A64A}.Release|Any CPU.Build.0 = Release|Any CPU
		{1A21119F-C02E-4F64-8CC6-C5C9D696EA78}.Debug|Any CPU.ActiveCfg = Debug|Any CPU
		{1A21119F-C02E-4F64-8CC6-C5C9D696EA78}.Debug|Any CPU.Build.0 = Debug|Any CPU
		{1A21119F-C02E-4F64-8CC6-C5C9D696EA78}.Release|Any CPU.ActiveCfg = Release|Any CPU
		{1A21119F-C02E-4F64-8CC6-C5C9D696EA78}.Release|Any CPU.Build.0 = Release|Any CPU
		{A7CFBC8C-1AF0-497B-A3CA-7D6DD84D9A2E}.Debug|Any CPU.ActiveCfg = Debug|Any CPU
		{A7CFBC8C-1AF0-497B-A3CA-7D6DD84D9A2E}.Debug|Any CPU.Build.0 = Debug|Any CPU
		{A7CFBC8C-1AF0-497B-A3CA-7D6DD84D9A2E}.Release|Any CPU.ActiveCfg = Release|Any CPU
		{A7CFBC8C-1AF0-497B-A3CA-7D6DD84D9A2E}.Release|Any CPU.Build.0 = Release|Any CPU
		{B662734C-BCBF-4F65-93CB-B1BD0CF13468}.Debug|Any CPU.ActiveCfg = Debug|Any CPU
		{B662734C-BCBF-4F65-93CB-B1BD0CF13468}.Debug|Any CPU.Build.0 = Debug|Any CPU
		{B662734C-BCBF-4F65-93CB-B1BD0CF13468}.Release|Any CPU.ActiveCfg = Release|Any CPU
		{B662734C-BCBF-4F65-93CB-B1BD0CF13468}.Release|Any CPU.Build.0 = Release|Any CPU
		{2C573B17-7229-4BD1-83C9-7D34E286EBBC}.Debug|Any CPU.ActiveCfg = Debug|Any CPU
		{2C573B17-7229-4BD1-83C9-7D34E286EBBC}.Debug|Any CPU.Build.0 = Debug|Any CPU
		{2C573B17-7229-4BD1-83C9-7D34E286EBBC}.Release|Any CPU.ActiveCfg = Release|Any CPU
		{2C573B17-7229-4BD1-83C9-7D34E286EBBC}.Release|Any CPU.Build.0 = Release|Any CPU
		{07CF1EB0-C68D-4FB3-AE9C-04557CAF12E2}.Debug|Any CPU.ActiveCfg = Debug|Any CPU
		{07CF1EB0-C68D-4FB3-AE9C-04557CAF12E2}.Debug|Any CPU.Build.0 = Debug|Any CPU
		{07CF1EB0-C68D-4FB3-AE9C-04557CAF12E2}.Release|Any CPU.ActiveCfg = Release|Any CPU
		{07CF1EB0-C68D-4FB3-AE9C-04557CAF12E2}.Release|Any CPU.Build.0 = Release|Any CPU
		{38AA7E7C-D1C2-4E55-B783-1B66A013FF2A}.Debug|Any CPU.ActiveCfg = Debug|Any CPU
		{38AA7E7C-D1C2-4E55-B783-1B66A013FF2A}.Debug|Any CPU.Build.0 = Debug|Any CPU
		{38AA7E7C-D1C2-4E55-B783-1B66A013FF2A}.Release|Any CPU.ActiveCfg = Release|Any CPU
		{38AA7E7C-D1C2-4E55-B783-1B66A013FF2A}.Release|Any CPU.Build.0 = Release|Any CPU
		{92703376-0B3C-49BD-A99A-5779EB94FC6A}.Debug|Any CPU.ActiveCfg = Debug|Any CPU
		{92703376-0B3C-49BD-A99A-5779EB94FC6A}.Debug|Any CPU.Build.0 = Debug|Any CPU
		{92703376-0B3C-49BD-A99A-5779EB94FC6A}.Release|Any CPU.ActiveCfg = Release|Any CPU
		{92703376-0B3C-49BD-A99A-5779EB94FC6A}.Release|Any CPU.Build.0 = Release|Any CPU
		{6AF4C461-DE71-4B4B-B73A-7957C9939B2F}.Debug|Any CPU.ActiveCfg = Debug|Any CPU
		{6AF4C461-DE71-4B4B-B73A-7957C9939B2F}.Debug|Any CPU.Build.0 = Debug|Any CPU
		{6AF4C461-DE71-4B4B-B73A-7957C9939B2F}.Release|Any CPU.ActiveCfg = Release|Any CPU
		{6AF4C461-DE71-4B4B-B73A-7957C9939B2F}.Release|Any CPU.Build.0 = Release|Any CPU
	EndGlobalSection
	GlobalSection(SolutionProperties) = preSolution
		HideSolutionNode = FALSE
	EndGlobalSection
	GlobalSection(NestedProjects) = preSolution
		{62573811-A0ED-46C5-A09C-99945D1C0A39} = {48DA8ECF-3BEE-4948-9CAC-01E1DFD2A24D}
		{78527E57-6DC6-40C6-AEB6-F8D88BF0A64A} = {4860CF1D-73DE-4248-8753-55107CBE7A43}
		{1A21119F-C02E-4F64-8CC6-C5C9D696EA78} = {48DA8ECF-3BEE-4948-9CAC-01E1DFD2A24D}
		{A7CFBC8C-1AF0-497B-A3CA-7D6DD84D9A2E} = {48DA8ECF-3BEE-4948-9CAC-01E1DFD2A24D}
		{B662734C-BCBF-4F65-93CB-B1BD0CF13468} = {FB8448DA-7984-493B-A8DB-A9A0855E7FC0}
		{2C573B17-7229-4BD1-83C9-7D34E286EBBC} = {FB8448DA-7984-493B-A8DB-A9A0855E7FC0}
		{07CF1EB0-C68D-4FB3-AE9C-04557CAF12E2} = {87A41399-12DF-4746-A0FD-91C40050698E}
		{38AA7E7C-D1C2-4E55-B783-1B66A013FF2A} = {4860CF1D-73DE-4248-8753-55107CBE7A43}
		{92703376-0B3C-49BD-A99A-5779EB94FC6A} = {87A41399-12DF-4746-A0FD-91C40050698E}
		{6AF4C461-DE71-4B4B-B73A-7957C9939B2F} = {FB8448DA-7984-493B-A8DB-A9A0855E7FC0}
	EndGlobalSection
EndGlobal
